
Microsoft Visual Studio Solution File, Format Version 12.00
# Visual Studio Version 17
VisualStudioVersion = 17.11.35222.181
MinimumVisualStudioVersion = 10.0.40219.1
Project("{FAE04EC0-301F-11D3-BF4B-00C04F79EFBC}") = "TunzWorkout.Api", "TunzWorkout\TunzWorkout.Api.csproj", "{B0B257F0-B300-4956-9FA8-C0528D2C3824}"
EndProject
Project("{FAE04EC0-301F-11D3-BF4B-00C04F79EFBC}") = "TunzWorkout.Application", "TunzWorkout.Application\TunzWorkout.Application.csproj", "{D41300B3-0F06-4C31-90DD-80A4E362CD39}"
EndProject
Project("{FAE04EC0-301F-11D3-BF4B-00C04F79EFBC}") = "TunzWorkout.Infrastructure", "TunzWorkout.Infrastructure\TunzWorkout.Infrastructure.csproj", "{7B57151A-0581-4671-B0D2-870740C27F39}"
EndProject
Project("{FAE04EC0-301F-11D3-BF4B-00C04F79EFBC}") = "TunzWorkout.Domain", "TunzWorkout.Domain\TunzWorkout.Domain.csproj", "{86CC4D0F-765C-4B2C-AD32-78783BA09F1E}"
EndProject
Global
	GlobalSection(SolutionConfigurationPlatforms) = preSolution
		Debug|Any CPU = Debug|Any CPU
		Release|Any CPU = Release|Any CPU
	EndGlobalSection
	GlobalSection(ProjectConfigurationPlatforms) = postSolution
		{B0B257F0-B300-4956-9FA8-C0528D2C3824}.Debug|Any CPU.ActiveCfg = Debug|Any CPU
		{B0B257F0-B300-4956-9FA8-C0528D2C3824}.Debug|Any CPU.Build.0 = Debug|Any CPU
		{B0B257F0-B300-4956-9FA8-C0528D2C3824}.Release|Any CPU.ActiveCfg = Release|Any CPU
		{B0B257F0-B300-4956-9FA8-C0528D2C3824}.Release|Any CPU.Build.0 = Release|Any CPU
		{D41300B3-0F06-4C31-90DD-80A4E362CD39}.Debug|Any CPU.ActiveCfg = Debug|Any CPU
		{D41300B3-0F06-4C31-90DD-80A4E362CD39}.Debug|Any CPU.Build.0 = Debug|Any CPU
		{D41300B3-0F06-4C31-90DD-80A4E362CD39}.Release|Any CPU.ActiveCfg = Release|Any CPU
		{D41300B3-0F06-4C31-90DD-80A4E362CD39}.Release|Any CPU.Build.0 = Release|Any CPU
		{7B57151A-0581-4671-B0D2-870740C27F39}.Debug|Any CPU.ActiveCfg = Debug|Any CPU
		{7B57151A-0581-4671-B0D2-870740C27F39}.Debug|Any CPU.Build.0 = Debug|Any CPU
		{7B57151A-0581-4671-B0D2-870740C27F39}.Release|Any CPU.ActiveCfg = Release|Any CPU
		{7B57151A-0581-4671-B0D2-870740C27F39}.Release|Any CPU.Build.0 = Release|Any CPU
		{86CC4D0F-765C-4B2C-AD32-78783BA09F1E}.Debug|Any CPU.ActiveCfg = Debug|Any CPU
		{86CC4D0F-765C-4B2C-AD32-78783BA09F1E}.Debug|Any CPU.Build.0 = Debug|Any CPU
		{86CC4D0F-765C-4B2C-AD32-78783BA09F1E}.Release|Any CPU.ActiveCfg = Release|Any CPU
		{86CC4D0F-765C-4B2C-AD32-78783BA09F1E}.Release|Any CPU.Build.0 = Release|Any CPU
	EndGlobalSection
	GlobalSection(SolutionProperties) = preSolution
		HideSolutionNode = FALSE
	EndGlobalSection
	GlobalSection(ExtensibilityGlobals) = postSolution
		SolutionGuid = {0D783696-0065-4F74-8967-21FF517B4C1B}
	EndGlobalSection
EndGlobal
